
Microsoft Visual Studio Solution File, Format Version 12.00
# Visual Studio Version 17
VisualStudioVersion = 17.7.34031.279
MinimumVisualStudioVersion = 10.0.40219.1
Project("{FAE04EC0-301F-11D3-BF4B-00C04F79EFBC}") = "ConsoleApp18", "ConsoleApp18\ConsoleApp18.csproj", "{5FFD5208-9760-4BE6-A937-D5CF6CD6CC48}"
EndProject
Global
	GlobalSection(SolutionConfigurationPlatforms) = preSolution
		Debug|Any CPU = Debug|Any CPU
		Release|Any CPU = Release|Any CPU
	EndGlobalSection
	GlobalSection(ProjectConfigurationPlatforms) = postSolution
		{5FFD5208-9760-4BE6-A937-D5CF6CD6CC48}.Debug|Any CPU.ActiveCfg = Debug|Any CPU
		{5FFD5208-9760-4BE6-A937-D5CF6CD6CC48}.Debug|Any CPU.Build.0 = Debug|Any CPU
		{5FFD5208-9760-4BE6-A937-D5CF6CD6CC48}.Release|Any CPU.ActiveCfg = Release|Any CPU
		{5FFD5208-9760-4BE6-A937-D5CF6CD6CC48}.Release|Any CPU.Build.0 = Release|Any CPU
	EndGlobalSection
	GlobalSection(SolutionProperties) = preSolution
		HideSolutionNode = FALSE
	EndGlobalSection
	GlobalSection(ExtensibilityGlobals) = postSolution
		SolutionGuid = {D012C8E2-607A-4684-84AD-FF7543835985}
	EndGlobalSection
EndGlobal
